
Microsoft Visual Studio Solution File, Format Version 12.00
# Visual Studio 15
VisualStudioVersion = 15.0.26228.4
MinimumVisualStudioVersion = 10.0.40219.1
Project("{FAE04EC0-301F-11D3-BF4B-00C04F79EFBC}") = "URLShortnerWebService", "URLShortnerWebService\URLShortnerWebService.csproj", "{0E5D9FEC-4CCE-4795-AA3C-7E7BFE8CB9D8}"
EndProject
Project("{FAE04EC0-301F-11D3-BF4B-00C04F79EFBC}") = "URLShortnerWebApp", "URLShortnerWebApp\URLShortnerWebApp.csproj", "{71FC2DDB-6213-4B8A-AB93-7CE2D3BAB795}"
EndProject
Project("{FAE04EC0-301F-11D3-BF4B-00C04F79EFBC}") = "URLShortnerDataAccess", "URLShortnerDataAccess\URLShortnerDataAccess.csproj", "{BEC05EF9-9D2E-4CF7-91A9-005641BA369A}"
EndProject
Global
	GlobalSection(SolutionConfigurationPlatforms) = preSolution
		Debug|Any CPU = Debug|Any CPU
		Release|Any CPU = Release|Any CPU
	EndGlobalSection
	GlobalSection(ProjectConfigurationPlatforms) = postSolution
		{0E5D9FEC-4CCE-4795-AA3C-7E7BFE8CB9D8}.Debug|Any CPU.ActiveCfg = Debug|Any CPU
		{0E5D9FEC-4CCE-4795-AA3C-7E7BFE8CB9D8}.Debug|Any CPU.Build.0 = Debug|Any CPU
		{0E5D9FEC-4CCE-4795-AA3C-7E7BFE8CB9D8}.Release|Any CPU.ActiveCfg = Release|Any CPU
		{0E5D9FEC-4CCE-4795-AA3C-7E7BFE8CB9D8}.Release|Any CPU.Build.0 = Release|Any CPU
		{71FC2DDB-6213-4B8A-AB93-7CE2D3BAB795}.Debug|Any CPU.ActiveCfg = Debug|Any CPU
		{71FC2DDB-6213-4B8A-AB93-7CE2D3BAB795}.Debug|Any CPU.Build.0 = Debug|Any CPU
		{71FC2DDB-6213-4B8A-AB93-7CE2D3BAB795}.Release|Any CPU.ActiveCfg = Release|Any CPU
		{71FC2DDB-6213-4B8A-AB93-7CE2D3BAB795}.Release|Any CPU.Build.0 = Release|Any CPU
		{BEC05EF9-9D2E-4CF7-91A9-005641BA369A}.Debug|Any CPU.ActiveCfg = Debug|Any CPU
		{BEC05EF9-9D2E-4CF7-91A9-005641BA369A}.Debug|Any CPU.Build.0 = Debug|Any CPU
		{BEC05EF9-9D2E-4CF7-91A9-005641BA369A}.Release|Any CPU.ActiveCfg = Release|Any CPU
		{BEC05EF9-9D2E-4CF7-91A9-005641BA369A}.Release|Any CPU.Build.0 = Release|Any CPU
	EndGlobalSection
	GlobalSection(SolutionProperties) = preSolution
		HideSolutionNode = FALSE
	EndGlobalSection
	GlobalSection(ExtensibilityGlobals) = postSolution
		SolutionGuid = {8A5ACE5A-9C35-480E-813B-2DF3FE5CF687}
	EndGlobalSection
EndGlobal
